// !$*UTF8*$!
{
	archiveVersion = 1;
	classes = {
	};
	objectVersion = 55;
	objects = {

/* Begin PBXBuildFile section */
		90C182B328AE6F8D00F2B4B2 /* LocationPreviewView.swift in Sources */ = {isa = PBXBuildFile; fileRef = 90C182B228AE6F8D00F2B4B2 /* LocationPreviewView.swift */; };
		90C182B528AE833600F2B4B2 /* LocationMapAnnotionView.swift in Sources */ = {isa = PBXBuildFile; fileRef = 90C182B428AE833600F2B4B2 /* LocationMapAnnotionView.swift */; };
		90C182B728AEA37F00F2B4B2 /* LocationDetailView.swift in Sources */ = {isa = PBXBuildFile; fileRef = 90C182B628AEA37F00F2B4B2 /* LocationDetailView.swift */; };
		90C2F01A28AA8A2E00D43253 /* CultureMapAppApp.swift in Sources */ = {isa = PBXBuildFile; fileRef = 90C2F01928AA8A2E00D43253 /* CultureMapAppApp.swift */; };
		90C2F01C28AA8A2E00D43253 /* ContentView.swift in Sources */ = {isa = PBXBuildFile; fileRef = 90C2F01B28AA8A2E00D43253 /* ContentView.swift */; };
		90C2F02128AA8A3000D43253 /* Preview Assets.xcassets in Resources */ = {isa = PBXBuildFile; fileRef = 90C2F02028AA8A3000D43253 /* Preview Assets.xcassets */; };
		90C2F02828AA8B4A00D43253 /* Assets.xcassets in Resources */ = {isa = PBXBuildFile; fileRef = 90C2F02728AA8B4A00D43253 /* Assets.xcassets */; };
		90C2F02D28AA8C4200D43253 /* Location.swift in Sources */ = {isa = PBXBuildFile; fileRef = 90C2F02C28AA8C4200D43253 /* Location.swift */; };
		90C2F03028AA8D1400D43253 /* LocationsDataService.swift in Sources */ = {isa = PBXBuildFile; fileRef = 90C2F02F28AA8D1400D43253 /* LocationsDataService.swift */; };
		90C2F03228AA8E7600D43253 /* LocationView.swift in Sources */ = {isa = PBXBuildFile; fileRef = 90C2F03128AA8E7600D43253 /* LocationView.swift */; };
		90C2F03428AA90DB00D43253 /* LocationViewModel.swift in Sources */ = {isa = PBXBuildFile; fileRef = 90C2F03328AA90DB00D43253 /* LocationViewModel.swift */; };
		90C2F03628AA9C0500D43253 /* LocationsListView.swift in Sources */ = {isa = PBXBuildFile; fileRef = 90C2F03528AA9C0500D43253 /* LocationsListView.swift */; };
		90EA9A7328D1EBD500DDD298 /* FirebaseAuth in Frameworks */ = {isa = PBXBuildFile; productRef = 90EA9A7228D1EBD500DDD298 /* FirebaseAuth */; };
		90EA9A7528D1EC7700DDD298 /* GoogleService-Info.plist in Resources */ = {isa = PBXBuildFile; fileRef = 90EA9A7428D1EC7700DDD298 /* GoogleService-Info.plist */; };
		90EA9A7C28D1F0BE00DDD298 /* GoogleSignIn in Frameworks */ = {isa = PBXBuildFile; productRef = 90EA9A7B28D1F0BE00DDD298 /* GoogleSignIn */; };
		90EA9A7E28D1F0BE00DDD298 /* GoogleSignInSwift in Frameworks */ = {isa = PBXBuildFile; productRef = 90EA9A7D28D1F0BE00DDD298 /* GoogleSignInSwift */; };
		90EA9A8A28D2055F00DDD298 /* LoginPage.swift in Sources */ = {isa = PBXBuildFile; fileRef = 90EA9A8928D2055F00DDD298 /* LoginPage.swift */; };
/* End PBXBuildFile section */

/* Begin PBXFileReference section */
		90C182B228AE6F8D00F2B4B2 /* LocationPreviewView.swift */ = {isa = PBXFileReference; lastKnownFileType = sourcecode.swift; path = LocationPreviewView.swift; sourceTree = SOURCE_ROOT; };
		90C182B428AE833600F2B4B2 /* LocationMapAnnotionView.swift */ = {isa = PBXFileReference; lastKnownFileType = sourcecode.swift; path = LocationMapAnnotionView.swift; sourceTree = "<group>"; };
		90C182B628AEA37F00F2B4B2 /* LocationDetailView.swift */ = {isa = PBXFileReference; lastKnownFileType = sourcecode.swift; path = LocationDetailView.swift; sourceTree = "<group>"; };
		90C2F01628AA8A2E00D43253 /* CultureMapApp.app */ = {isa = PBXFileReference; explicitFileType = wrapper.application; includeInIndex = 0; path = CultureMapApp.app; sourceTree = BUILT_PRODUCTS_DIR; };
		90C2F01928AA8A2E00D43253 /* CultureMapAppApp.swift */ = {isa = PBXFileReference; lastKnownFileType = sourcecode.swift; path = CultureMapAppApp.swift; sourceTree = "<group>"; };
		90C2F01B28AA8A2E00D43253 /* ContentView.swift */ = {isa = PBXFileReference; lastKnownFileType = sourcecode.swift; path = ContentView.swift; sourceTree = "<group>"; };
		90C2F02028AA8A3000D43253 /* Preview Assets.xcassets */ = {isa = PBXFileReference; lastKnownFileType = folder.assetcatalog; path = "Preview Assets.xcassets"; sourceTree = "<group>"; };
		90C2F02728AA8B4A00D43253 /* Assets.xcassets */ = {isa = PBXFileReference; lastKnownFileType = folder.assetcatalog; path = Assets.xcassets; sourceTree = "<group>"; };
		90C2F02C28AA8C4200D43253 /* Location.swift */ = {isa = PBXFileReference; lastKnownFileType = sourcecode.swift; path = Location.swift; sourceTree = "<group>"; };
		90C2F02F28AA8D1400D43253 /* LocationsDataService.swift */ = {isa = PBXFileReference; fileEncoding = 4; lastKnownFileType = sourcecode.swift; path = LocationsDataService.swift; sourceTree = "<group>"; };
		90C2F03128AA8E7600D43253 /* LocationView.swift */ = {isa = PBXFileReference; lastKnownFileType = sourcecode.swift; path = LocationView.swift; sourceTree = "<group>"; };
		90C2F03328AA90DB00D43253 /* LocationViewModel.swift */ = {isa = PBXFileReference; lastKnownFileType = sourcecode.swift; path = LocationViewModel.swift; sourceTree = "<group>"; };
		90C2F03528AA9C0500D43253 /* LocationsListView.swift */ = {isa = PBXFileReference; lastKnownFileType = sourcecode.swift; path = LocationsListView.swift; sourceTree = "<group>"; };
		90EA9A7428D1EC7700DDD298 /* GoogleService-Info.plist */ = {isa = PBXFileReference; fileEncoding = 4; lastKnownFileType = text.plist.xml; path = "GoogleService-Info.plist"; sourceTree = "<group>"; };
		90EA9A8928D2055F00DDD298 /* LoginPage.swift */ = {isa = PBXFileReference; lastKnownFileType = sourcecode.swift; path = LoginPage.swift; sourceTree = "<group>"; };
		90EACCDB28B0E2DB006E1CAF /* Info.plist */ = {isa = PBXFileReference; lastKnownFileType = text.plist; path = Info.plist; sourceTree = "<group>"; };
/* End PBXFileReference section */

/* Begin PBXFrameworksBuildPhase section */
		90C2F01328AA8A2E00D43253 /* Frameworks */ = {
			isa = PBXFrameworksBuildPhase;
			buildActionMask = 2147483647;
			files = (
				90EA9A7E28D1F0BE00DDD298 /* GoogleSignInSwift in Frameworks */,
				90EA9A7328D1EBD500DDD298 /* FirebaseAuth in Frameworks */,
				90EA9A7C28D1F0BE00DDD298 /* GoogleSignIn in Frameworks */,
			);
			runOnlyForDeploymentPostprocessing = 0;
		};
/* End PBXFrameworksBuildPhase section */

/* Begin PBXGroup section */
		90C2F00D28AA8A2E00D43253 = {
			isa = PBXGroup;
			children = (
				90C2F01828AA8A2E00D43253 /* CultureMapApp */,
				90C2F01728AA8A2E00D43253 /* Products */,
			);
			sourceTree = "<group>";
		};
		90C2F01728AA8A2E00D43253 /* Products */ = {
			isa = PBXGroup;
			children = (
				90C2F01628AA8A2E00D43253 /* CultureMapApp.app */,
			);
			name = Products;
			sourceTree = "<group>";
		};
		90C2F01828AA8A2E00D43253 /* CultureMapApp */ = {
			isa = PBXGroup;
			children = (
				90EA9A7428D1EC7700DDD298 /* GoogleService-Info.plist */,
				90EACCDB28B0E2DB006E1CAF /* Info.plist */,
				90C2F01928AA8A2E00D43253 /* CultureMapAppApp.swift */,
				90C2F01B28AA8A2E00D43253 /* ContentView.swift */,
				90C2F02E28AA8CFA00D43253 /* DataServices */,
				90C2F02928AA8C1100D43253 /* Models */,
				90C2F02B28AA8C2000D43253 /* ViewModels */,
				90C2F02A28AA8C1800D43253 /* Views */,
				90C2F02728AA8B4A00D43253 /* Assets.xcassets */,
				90C2F01F28AA8A3000D43253 /* Preview Content */,
			);
			path = CultureMapApp;
			sourceTree = "<group>";
		};
		90C2F01F28AA8A3000D43253 /* Preview Content */ = {
			isa = PBXGroup;
			children = (
				90C2F02028AA8A3000D43253 /* Preview Assets.xcassets */,
			);
			path = "Preview Content";
			sourceTree = "<group>";
		};
		90C2F02928AA8C1100D43253 /* Models */ = {
			isa = PBXGroup;
			children = (
				90C2F02C28AA8C4200D43253 /* Location.swift */,
			);
			path = Models;
			sourceTree = "<group>";
		};
		90C2F02A28AA8C1800D43253 /* Views */ = {
			isa = PBXGroup;
			children = (
				90C182B228AE6F8D00F2B4B2 /* LocationPreviewView.swift */,
				90C2F03128AA8E7600D43253 /* LocationView.swift */,
				90C182B628AEA37F00F2B4B2 /* LocationDetailView.swift */,
				90C2F03528AA9C0500D43253 /* LocationsListView.swift */,
				90C182B428AE833600F2B4B2 /* LocationMapAnnotionView.swift */,
				90EA9A8928D2055F00DDD298 /* LoginPage.swift */,
			);
			path = Views;
			sourceTree = "<group>";
		};
		90C2F02B28AA8C2000D43253 /* ViewModels */ = {
			isa = PBXGroup;
			children = (
				90C2F03328AA90DB00D43253 /* LocationViewModel.swift */,
			);
			path = ViewModels;
			sourceTree = "<group>";
		};
		90C2F02E28AA8CFA00D43253 /* DataServices */ = {
			isa = PBXGroup;
			children = (
				90C2F02F28AA8D1400D43253 /* LocationsDataService.swift */,
			);
			path = DataServices;
			sourceTree = "<group>";
		};
/* End PBXGroup section */

/* Begin PBXNativeTarget section */
		90C2F01528AA8A2E00D43253 /* CultureMapApp */ = {
			isa = PBXNativeTarget;
			buildConfigurationList = 90C2F02428AA8A3000D43253 /* Build configuration list for PBXNativeTarget "CultureMapApp" */;
			buildPhases = (
				90C2F01228AA8A2E00D43253 /* Sources */,
				90C2F01328AA8A2E00D43253 /* Frameworks */,
				90C2F01428AA8A2E00D43253 /* Resources */,
			);
			buildRules = (
			);
			dependencies = (
			);
			name = CultureMapApp;
			packageProductDependencies = (
				90EA9A7228D1EBD500DDD298 /* FirebaseAuth */,
				90EA9A7B28D1F0BE00DDD298 /* GoogleSignIn */,
				90EA9A7D28D1F0BE00DDD298 /* GoogleSignInSwift */,
			);
			productName = CultureMapApp;
			productReference = 90C2F01628AA8A2E00D43253 /* CultureMapApp.app */;
			productType = "com.apple.product-type.application";
		};
/* End PBXNativeTarget section */

/* Begin PBXProject section */
		90C2F00E28AA8A2E00D43253 /* Project object */ = {
			isa = PBXProject;
			attributes = {
				BuildIndependentTargetsInParallel = 1;
				LastSwiftUpdateCheck = 1340;
				LastUpgradeCheck = 1340;
				TargetAttributes = {
					90C2F01528AA8A2E00D43253 = {
						CreatedOnToolsVersion = 13.4.1;
					};
				};
			};
			buildConfigurationList = 90C2F01128AA8A2E00D43253 /* Build configuration list for PBXProject "CultureMapApp" */;
			compatibilityVersion = "Xcode 13.0";
			developmentRegion = en;
			hasScannedForEncodings = 0;
			knownRegions = (
				en,
				Base,
			);
			mainGroup = 90C2F00D28AA8A2E00D43253;
			packageReferences = (
				90EA9A7128D1EBD500DDD298 /* XCRemoteSwiftPackageReference "firebase-ios-sdk" */,
				90EA9A7A28D1F0BE00DDD298 /* XCRemoteSwiftPackageReference "GoogleSignIn-iOS" */,
			);
			productRefGroup = 90C2F01728AA8A2E00D43253 /* Products */;
			projectDirPath = "";
			projectRoot = "";
			targets = (
				90C2F01528AA8A2E00D43253 /* CultureMapApp */,
			);
		};
/* End PBXProject section */

/* Begin PBXResourcesBuildPhase section */
		90C2F01428AA8A2E00D43253 /* Resources */ = {
			isa = PBXResourcesBuildPhase;
			buildActionMask = 2147483647;
			files = (
				90C2F02828AA8B4A00D43253 /* Assets.xcassets in Resources */,
				90C2F02128AA8A3000D43253 /* Preview Assets.xcassets in Resources */,
				90EA9A7528D1EC7700DDD298 /* GoogleService-Info.plist in Resources */,
			);
			runOnlyForDeploymentPostprocessing = 0;
		};
/* End PBXResourcesBuildPhase section */

/* Begin PBXSourcesBuildPhase section */
		90C2F01228AA8A2E00D43253 /* Sources */ = {
			isa = PBXSourcesBuildPhase;
			buildActionMask = 2147483647;
			files = (
				90C182B328AE6F8D00F2B4B2 /* LocationPreviewView.swift in Sources */,
				90C2F03028AA8D1400D43253 /* LocationsDataService.swift in Sources */,
				90C2F03628AA9C0500D43253 /* LocationsListView.swift in Sources */,
				90C2F03428AA90DB00D43253 /* LocationViewModel.swift in Sources */,
				90C182B528AE833600F2B4B2 /* LocationMapAnnotionView.swift in Sources */,
				90EA9A8A28D2055F00DDD298 /* LoginPage.swift in Sources */,
				90C2F01C28AA8A2E00D43253 /* ContentView.swift in Sources */,
				90C2F03228AA8E7600D43253 /* LocationView.swift in Sources */,
				90C2F02D28AA8C4200D43253 /* Location.swift in Sources */,
				90C182B728AEA37F00F2B4B2 /* LocationDetailView.swift in Sources */,
				90C2F01A28AA8A2E00D43253 /* CultureMapAppApp.swift in Sources */,
			);
			runOnlyForDeploymentPostprocessing = 0;
		};
/* End PBXSourcesBuildPhase section */

/* Begin XCBuildConfiguration section */
		90C2F02328AA8A3000D43253 /* Release */ = {
			isa = XCBuildConfiguration;
			buildSettings = {
				ALWAYS_SEARCH_USER_PATHS = NO;
				CLANG_ANALYZER_NONNULL = YES;
				CLANG_ANALYZER_NUMBER_OBJECT_CONVERSION = YES_AGGRESSIVE;
				CLANG_CXX_LANGUAGE_STANDARD = "gnu++17";
				CLANG_ENABLE_MODULES = YES;
				CLANG_ENABLE_OBJC_ARC = YES;
				CLANG_ENABLE_OBJC_WEAK = YES;
				CLANG_WARN_BLOCK_CAPTURE_AUTORELEASING = YES;
				CLANG_WARN_BOOL_CONVERSION = YES;
				CLANG_WARN_COMMA = YES;
				CLANG_WARN_CONSTANT_CONVERSION = YES;
				CLANG_WARN_DEPRECATED_OBJC_IMPLEMENTATIONS = YES;
				CLANG_WARN_DIRECT_OBJC_ISA_USAGE = YES_ERROR;
				CLANG_WARN_DOCUMENTATION_COMMENTS = YES;
				CLANG_WARN_EMPTY_BODY = YES;
				CLANG_WARN_ENUM_CONVERSION = YES;
				CLANG_WARN_INFINITE_RECURSION = YES;
				CLANG_WARN_INT_CONVERSION = YES;
				CLANG_WARN_NON_LITERAL_NULL_CONVERSION = YES;
				CLANG_WARN_OBJC_IMPLICIT_RETAIN_SELF = YES;
				CLANG_WARN_OBJC_LITERAL_CONVERSION = YES;
				CLANG_WARN_OBJC_ROOT_CLASS = YES_ERROR;
				CLANG_WARN_QUOTED_INCLUDE_IN_FRAMEWORK_HEADER = YES;
				CLANG_WARN_RANGE_LOOP_ANALYSIS = YES;
				CLANG_WARN_STRICT_PROTOTYPES = YES;
				CLANG_WARN_SUSPICIOUS_MOVE = YES;
				CLANG_WARN_UNGUARDED_AVAILABILITY = YES_AGGRESSIVE;
				CLANG_WARN_UNREACHABLE_CODE = YES;
				CLANG_WARN__DUPLICATE_METHOD_MATCH = YES;
				COPY_PHASE_STRIP = NO;
				DEBUG_INFORMATION_FORMAT = "dwarf-with-dsym";
				ENABLE_NS_ASSERTIONS = NO;
				ENABLE_STRICT_OBJC_MSGSEND = YES;
				GCC_C_LANGUAGE_STANDARD = gnu11;
				GCC_NO_COMMON_BLOCKS = YES;
				GCC_WARN_64_TO_32_BIT_CONVERSION = YES;
				GCC_WARN_ABOUT_RETURN_TYPE = YES_ERROR;
				GCC_WARN_UNDECLARED_SELECTOR = YES;
				GCC_WARN_UNINITIALIZED_AUTOS = YES_AGGRESSIVE;
				GCC_WARN_UNUSED_FUNCTION = YES;
				GCC_WARN_UNUSED_VARIABLE = YES;
				IPHONEOS_DEPLOYMENT_TARGET = 15.5;
				MTL_ENABLE_DEBUG_INFO = NO;
				MTL_FAST_MATH = YES;
				ONLY_ACTIVE_ARCH = NO;
				SDKROOT = iphoneos;
				SWIFT_COMPILATION_MODE = wholemodule;
				SWIFT_OPTIMIZATION_LEVEL = "-O";
				VALIDATE_PRODUCT = YES;
			};
			name = Release;
		};
		90C2F02628AA8A3000D43253 /* Release */ = {
			isa = XCBuildConfiguration;
			buildSettings = {
				ASSETCATALOG_COMPILER_APPICON_NAME = AppIcon;
				ASSETCATALOG_COMPILER_GLOBAL_ACCENT_COLOR_NAME = AccentColor;
				CODE_SIGN_STYLE = Automatic;
				CURRENT_PROJECT_VERSION = 1;
				DEVELOPMENT_ASSET_PATHS = "\"CultureMapApp/Preview Content\"";
				DEVELOPMENT_TEAM = 5BC6YM76Q2;
				ENABLE_PREVIEWS = YES;
				GENERATE_INFOPLIST_FILE = YES;
				INFOPLIST_FILE = CultureMapApp/Info.plist;
				INFOPLIST_KEY_UIApplicationSceneManifest_Generation = YES;
				INFOPLIST_KEY_UIApplicationSupportsIndirectInputEvents = YES;
				INFOPLIST_KEY_UISupportedInterfaceOrientations = UIInterfaceOrientationPortrait;
				INFOPLIST_KEY_UISupportedInterfaceOrientations_iPad = "UIInterfaceOrientationPortrait UIInterfaceOrientationPortraitUpsideDown UIInterfaceOrientationLandscapeLeft UIInterfaceOrientationLandscapeRight";
				INFOPLIST_KEY_UISupportedInterfaceOrientations_iPhone = UIInterfaceOrientationPortrait;
				LD_RUNPATH_SEARCH_PATHS = (
					"$(inherited)",
					"@executable_path/Frameworks",
				);
				MARKETING_VERSION = 1.0;
				ONLY_ACTIVE_ARCH = YES;
				PRODUCT_BUNDLE_IDENTIFIER = com.CultureMapApp;
				PRODUCT_NAME = "$(TARGET_NAME)";
				SDKROOT = iphoneos;
				SWIFT_EMIT_LOC_STRINGS = YES;
				SWIFT_OPTIMIZATION_LEVEL = "-Onone";
				SWIFT_VERSION = 5.0;
				TARGETED_DEVICE_FAMILY = "1,2";
			};
			name = Release;
		};
/* End XCBuildConfiguration section */

/* Begin XCConfigurationList section */
		90C2F01128AA8A2E00D43253 /* Build configuration list for PBXProject "CultureMapApp" */ = {
			isa = XCConfigurationList;
			buildConfigurations = (
				90C2F02328AA8A3000D43253 /* Release */,
			);
			defaultConfigurationIsVisible = 0;
			defaultConfigurationName = Release;
		};
		90C2F02428AA8A3000D43253 /* Build configuration list for PBXNativeTarget "CultureMapApp" */ = {
			isa = XCConfigurationList;
			buildConfigurations = (
				90C2F02628AA8A3000D43253 /* Release */,
			);
			defaultConfigurationIsVisible = 0;
			defaultConfigurationName = Release;
		};
/* End XCConfigurationList section */

/* Begin XCRemoteSwiftPackageReference section */
		90EA9A7128D1EBD500DDD298 /* XCRemoteSwiftPackageReference "firebase-ios-sdk" */ = {
			isa = XCRemoteSwiftPackageReference;
			repositoryURL = "https://github.com/firebase/firebase-ios-sdk";
			requirement = {
				kind = upToNextMajorVersion;
				minimumVersion = 9.0.0;
			};
		};
		90EA9A7A28D1F0BE00DDD298 /* XCRemoteSwiftPackageReference "GoogleSignIn-iOS" */ = {
			isa = XCRemoteSwiftPackageReference;
			repositoryURL = "https://github.com/google/GoogleSignIn-iOS";
			requirement = {
				kind = upToNextMajorVersion;
				minimumVersion = 6.0.0;
			};
		};
/* End XCRemoteSwiftPackageReference section */

/* Begin XCSwiftPackageProductDependency section */
		90EA9A7228D1EBD500DDD298 /* FirebaseAuth */ = {
			isa = XCSwiftPackageProductDependency;
			package = 90EA9A7128D1EBD500DDD298 /* XCRemoteSwiftPackageReference "firebase-ios-sdk" */;
			productName = FirebaseAuth;
		};
		90EA9A7B28D1F0BE00DDD298 /* GoogleSignIn */ = {
			isa = XCSwiftPackageProductDependency;
			package = 90EA9A7A28D1F0BE00DDD298 /* XCRemoteSwiftPackageReference "GoogleSignIn-iOS" */;
			productName = GoogleSignIn;
		};
		90EA9A7D28D1F0BE00DDD298 /* GoogleSignInSwift */ = {
			isa = XCSwiftPackageProductDependency;
			package = 90EA9A7A28D1F0BE00DDD298 /* XCRemoteSwiftPackageReference "GoogleSignIn-iOS" */;
			productName = GoogleSignInSwift;
		};
/* End XCSwiftPackageProductDependency section */
	};
	rootObject = 90C2F00E28AA8A2E00D43253 /* Project object */;
}
